// !$*UTF8*$!
{
	archiveVersion = 1;
	classes = {
	};
	objectVersion = 46;
	objects = {

/* Begin PBXBuildFile section */
		0B774BFB1821870500FC094A /* Cocoa.framework in Frameworks */ = {isa = PBXBuildFile; fileRef = 0B774BFA1821870500FC094A /* Cocoa.framework */; };
		0B774C051821870500FC094A /* InfoPlist.strings in Resources */ = {isa = PBXBuildFile; fileRef = 0B774C031821870500FC094A /* InfoPlist.strings */; };
		0B774C0B1821870500FC094A /* Credits.rtf in Resources */ = {isa = PBXBuildFile; fileRef = 0B774C091821870500FC094A /* Credits.rtf */; };
		0B774C111821870500FC094A /* MainMenu.xib in Resources */ = {isa = PBXBuildFile; fileRef = 0B774C0F1821870500FC094A /* MainMenu.xib */; };
		0B774C131821870500FC094A /* Images.xcassets in Resources */ = {isa = PBXBuildFile; fileRef = 0B774C121821870500FC094A /* Images.xcassets */; };
		0B774C1A1821870600FC094A /* XCTest.framework in Frameworks */ = {isa = PBXBuildFile; fileRef = 0B774C191821870500FC094A /* XCTest.framework */; };
		0B774C1B1821870600FC094A /* Cocoa.framework in Frameworks */ = {isa = PBXBuildFile; fileRef = 0B774BFA1821870500FC094A /* Cocoa.framework */; };
		0B774C231821870600FC094A /* InfoPlist.strings in Resources */ = {isa = PBXBuildFile; fileRef = 0B774C211821870600FC094A /* InfoPlist.strings */; };
		0B774C251821870600FC094A /* ThunderBoltTests.m in Sources */ = {isa = PBXBuildFile; fileRef = 0B774C241821870600FC094A /* ThunderBoltTests.m */; };
		0B774C2F1821878400FC094A /* OpenGL.framework in Frameworks */ = {isa = PBXBuildFile; fileRef = 0B774C2E1821878400FC094A /* OpenGL.framework */; };
		0B774C36182187FB00FC094A /* ysglfontdata.c in Sources */ = {isa = PBXBuildFile; fileRef = 0B774C30182187FB00FC094A /* ysglfontdata.c */; };
		0B774C37182187FB00FC094A /* yspng.cpp in Sources */ = {isa = PBXBuildFile; fileRef = 0B774C32182187FB00FC094A /* yspng.cpp */; };
		0B774C38182187FB00FC094A /* yspngenc.cpp in Sources */ = {isa = PBXBuildFile; fileRef = 0B774C34182187FB00FC094A /* yspngenc.cpp */; };
		0B774C3C1821880A00FC094A /* fsmacosxwrappercpp.cpp in Sources */ = {isa = PBXBuildFile; fileRef = 0B774C391821880A00FC094A /* fsmacosxwrappercpp.cpp */; };
		0B774C3D1821880A00FC094A /* fsmacosxwrapperobjc.m in Sources */ = {isa = PBXBuildFile; fileRef = 0B774C3A1821880A00FC094A /* fsmacosxwrapperobjc.m */; };
		0BDD66A41823160A005D635D /* Plane.cpp in Sources */ = {isa = PBXBuildFile; fileRef = 0BDD66A21823160A005D635D /* Plane.cpp */; };
		0BDD66A9182317D5005D635D /* vector.cpp in Sources */ = {isa = PBXBuildFile; fileRef = 0BDD66A5182317D5005D635D /* vector.cpp */; };
		0BDD66AA182317D5005D635D /* missile.cpp in Sources */ = {isa = PBXBuildFile; fileRef = 0BDD66A8182317D5005D635D /* missile.cpp */; };
		122F56441840144A00BF847D /* boss.cpp in Sources */ = {isa = PBXBuildFile; fileRef = 122F563C1840144A00BF847D /* boss.cpp */; };
		122F56451840144A00BF847D /* enemy.cpp in Sources */ = {isa = PBXBuildFile; fileRef = 122F563E1840144A00BF847D /* enemy.cpp */; };
		122F56461840144A00BF847D /* explosion.cpp in Sources */ = {isa = PBXBuildFile; fileRef = 122F56401840144A00BF847D /* explosion.cpp */; };
		122F56471840144A00BF847D /* player.cpp in Sources */ = {isa = PBXBuildFile; fileRef = 122F56421840144A00BF847D /* player.cpp */; };
		124411FF1836F33B00DA388F /* color.cpp in Sources */ = {isa = PBXBuildFile; fileRef = 124411F61836F33B00DA388F /* color.cpp */; };
		124412001836F33B00DA388F /* global.cpp in Sources */ = {isa = PBXBuildFile; fileRef = 124411F91836F33B00DA388F /* global.cpp */; };
		124412011836F33B00DA388F /* linked_list.cpp in Sources */ = {isa = PBXBuildFile; fileRef = 124411FB1836F33B00DA388F /* linked_list.cpp */; };
		124412E41836F80C00DA388F /* prize.cpp in Sources */ = {isa = PBXBuildFile; fileRef = 124412DE1836F80C00DA388F /* prize.cpp */; };
		124412E51836F80C00DA388F /* texture_loader.cpp in Sources */ = {isa = PBXBuildFile; fileRef = 124412E01836F80C00DA388F /* texture_loader.cpp */; };
		124412E61836F80C00DA388F /* ThunderBolt.cpp in Sources */ = {isa = PBXBuildFile; fileRef = 124412E21836F80C00DA388F /* ThunderBolt.cpp */; };
/* End PBXBuildFile section */

/* Begin PBXContainerItemProxy section */
		0B774C1C1821870600FC094A /* PBXContainerItemProxy */ = {
			isa = PBXContainerItemProxy;
			containerPortal = 0B774BEF1821870400FC094A /* Project object */;
			proxyType = 1;
			remoteGlobalIDString = 0B774BF61821870500FC094A;
			remoteInfo = ThunderBolt;
		};
/* End PBXContainerItemProxy section */

/* Begin PBXFileReference section */
		0B774BF71821870500FC094A /* ThunderBolt.app */ = {isa = PBXFileReference; explicitFileType = wrapper.application; includeInIndex = 0; path = ThunderBolt.app; sourceTree = BUILT_PRODUCTS_DIR; };
		0B774BFA1821870500FC094A /* Cocoa.framework */ = {isa = PBXFileReference; lastKnownFileType = wrapper.framework; name = Cocoa.framework; path = System/Library/Frameworks/Cocoa.framework; sourceTree = SDKROOT; };
		0B774BFD1821870500FC094A /* AppKit.framework */ = {isa = PBXFileReference; lastKnownFileType = wrapper.framework; name = AppKit.framework; path = System/Library/Frameworks/AppKit.framework; sourceTree = SDKROOT; };
		0B774BFE1821870500FC094A /* CoreData.framework */ = {isa = PBXFileReference; lastKnownFileType = wrapper.framework; name = CoreData.framework; path = System/Library/Frameworks/CoreData.framework; sourceTree = SDKROOT; };
		0B774BFF1821870500FC094A /* Foundation.framework */ = {isa = PBXFileReference; lastKnownFileType = wrapper.framework; name = Foundation.framework; path = System/Library/Frameworks/Foundation.framework; sourceTree = SDKROOT; };
		0B774C021821870500FC094A /* ThunderBolt-Info.plist */ = {isa = PBXFileReference; lastKnownFileType = text.plist.xml; path = "ThunderBolt-Info.plist"; sourceTree = "<group>"; };
		0B774C041821870500FC094A /* en */ = {isa = PBXFileReference; lastKnownFileType = text.plist.strings; name = en; path = en.lproj/InfoPlist.strings; sourceTree = "<group>"; };
		0B774C081821870500FC094A /* ThunderBolt-Prefix.pch */ = {isa = PBXFileReference; lastKnownFileType = sourcecode.c.h; path = "ThunderBolt-Prefix.pch"; sourceTree = "<group>"; };
		0B774C0A1821870500FC094A /* en */ = {isa = PBXFileReference; lastKnownFileType = text.rtf; name = en; path = en.lproj/Credits.rtf; sourceTree = "<group>"; };
		0B774C101821870500FC094A /* Base */ = {isa = PBXFileReference; lastKnownFileType = file.xib; name = Base; path = Base.lproj/MainMenu.xib; sourceTree = "<group>"; };
		0B774C121821870500FC094A /* Images.xcassets */ = {isa = PBXFileReference; lastKnownFileType = folder.assetcatalog; path = Images.xcassets; sourceTree = "<group>"; };
		0B774C181821870500FC094A /* ThunderBoltTests.xctest */ = {isa = PBXFileReference; explicitFileType = wrapper.cfbundle; includeInIndex = 0; path = ThunderBoltTests.xctest; sourceTree = BUILT_PRODUCTS_DIR; };
		0B774C191821870500FC094A /* XCTest.framework */ = {isa = PBXFileReference; lastKnownFileType = wrapper.framework; name = XCTest.framework; path = Library/Frameworks/XCTest.framework; sourceTree = DEVELOPER_DIR; };
		0B774C201821870600FC094A /* ThunderBoltTests-Info.plist */ = {isa = PBXFileReference; lastKnownFileType = text.plist.xml; path = "ThunderBoltTests-Info.plist"; sourceTree = "<group>"; };
		0B774C221821870600FC094A /* en */ = {isa = PBXFileReference; lastKnownFileType = text.plist.strings; name = en; path = en.lproj/InfoPlist.strings; sourceTree = "<group>"; };
		0B774C241821870600FC094A /* ThunderBoltTests.m */ = {isa = PBXFileReference; lastKnownFileType = sourcecode.c.objc; path = ThunderBoltTests.m; sourceTree = "<group>"; };
		0B774C2E1821878400FC094A /* OpenGL.framework */ = {isa = PBXFileReference; lastKnownFileType = wrapper.framework; name = OpenGL.framework; path = System/Library/Frameworks/OpenGL.framework; sourceTree = SDKROOT; };
		0B774C30182187FB00FC094A /* ysglfontdata.c */ = {isa = PBXFileReference; fileEncoding = 4; lastKnownFileType = sourcecode.c.c; path = ysglfontdata.c; sourceTree = "<group>"; };
		0B774C31182187FB00FC094A /* ysglfontdata.h */ = {isa = PBXFileReference; fileEncoding = 4; lastKnownFileType = sourcecode.c.h; path = ysglfontdata.h; sourceTree = "<group>"; };
		0B774C32182187FB00FC094A /* yspng.cpp */ = {isa = PBXFileReference; fileEncoding = 4; lastKnownFileType = sourcecode.cpp.cpp; path = yspng.cpp; sourceTree = "<group>"; };
		0B774C33182187FB00FC094A /* yspng.h */ = {isa = PBXFileReference; fileEncoding = 4; lastKnownFileType = sourcecode.c.h; path = yspng.h; sourceTree = "<group>"; };
		0B774C34182187FB00FC094A /* yspngenc.cpp */ = {isa = PBXFileReference; fileEncoding = 4; lastKnownFileType = sourcecode.cpp.cpp; path = yspngenc.cpp; sourceTree = "<group>"; };
		0B774C35182187FB00FC094A /* yspngenc.h */ = {isa = PBXFileReference; fileEncoding = 4; lastKnownFileType = sourcecode.c.h; path = yspngenc.h; sourceTree = "<group>"; };
		0B774C391821880A00FC094A /* fsmacosxwrappercpp.cpp */ = {isa = PBXFileReference; fileEncoding = 4; lastKnownFileType = sourcecode.cpp.cpp; path = fsmacosxwrappercpp.cpp; sourceTree = "<group>"; };
		0B774C3A1821880A00FC094A /* fsmacosxwrapperobjc.m */ = {isa = PBXFileReference; fileEncoding = 4; lastKnownFileType = sourcecode.c.objc; path = fsmacosxwrapperobjc.m; sourceTree = "<group>"; };
		0B774C3B1821880A00FC094A /* fssimplewindow.h */ = {isa = PBXFileReference; fileEncoding = 4; lastKnownFileType = sourcecode.c.h; path = fssimplewindow.h; sourceTree = "<group>"; };
		0BDD66A21823160A005D635D /* Plane.cpp */ = {isa = PBXFileReference; fileEncoding = 4; lastKnownFileType = sourcecode.cpp.cpp; path = Plane.cpp; sourceTree = "<group>"; };
		0BDD66A31823160A005D635D /* Plane.h */ = {isa = PBXFileReference; fileEncoding = 4; lastKnownFileType = sourcecode.c.h; path = Plane.h; sourceTree = "<group>"; };
		0BDD66A5182317D5005D635D /* vector.cpp */ = {isa = PBXFileReference; fileEncoding = 4; lastKnownFileType = sourcecode.cpp.cpp; path = vector.cpp; sourceTree = "<group>"; };
		0BDD66A6182317D5005D635D /* missile.h */ = {isa = PBXFileReference; fileEncoding = 4; lastKnownFileType = sourcecode.c.h; path = missile.h; sourceTree = "<group>"; };
		0BDD66A7182317D5005D635D /* vector.h */ = {isa = PBXFileReference; fileEncoding = 4; lastKnownFileType = sourcecode.c.h; path = vector.h; sourceTree = "<group>"; };
		0BDD66A8182317D5005D635D /* missile.cpp */ = {isa = PBXFileReference; fileEncoding = 4; lastKnownFileType = sourcecode.cpp.cpp; path = missile.cpp; sourceTree = "<group>"; };
		122F563C1840144A00BF847D /* boss.cpp */ = {isa = PBXFileReference; fileEncoding = 4; lastKnownFileType = sourcecode.cpp.cpp; path = boss.cpp; sourceTree = "<group>"; };
		122F563D1840144A00BF847D /* boss.h */ = {isa = PBXFileReference; fileEncoding = 4; lastKnownFileType = sourcecode.c.h; path = boss.h; sourceTree = "<group>"; };
		122F563E1840144A00BF847D /* enemy.cpp */ = {isa = PBXFileReference; fileEncoding = 4; lastKnownFileType = sourcecode.cpp.cpp; path = enemy.cpp; sourceTree = "<group>"; };
		122F563F1840144A00BF847D /* enemy.h */ = {isa = PBXFileReference; fileEncoding = 4; lastKnownFileType = sourcecode.c.h; path = enemy.h; sourceTree = "<group>"; };
		122F56401840144A00BF847D /* explosion.cpp */ = {isa = PBXFileReference; fileEncoding = 4; lastKnownFileType = sourcecode.cpp.cpp; path = explosion.cpp; sourceTree = "<group>"; };
		122F56411840144A00BF847D /* explosion.h */ = {isa = PBXFileReference; fileEncoding = 4; lastKnownFileType = sourcecode.c.h; path = explosion.h; sourceTree = "<group>"; };
		122F56421840144A00BF847D /* player.cpp */ = {isa = PBXFileReference; fileEncoding = 4; lastKnownFileType = sourcecode.cpp.cpp; path = player.cpp; sourceTree = "<group>"; };
		122F56431840144A00BF847D /* player.h */ = {isa = PBXFileReference; fileEncoding = 4; lastKnownFileType = sourcecode.c.h; path = player.h; sourceTree = "<group>"; };
		124411F61836F33B00DA388F /* color.cpp */ = {isa = PBXFileReference; fileEncoding = 4; lastKnownFileType = sourcecode.cpp.cpp; path = color.cpp; sourceTree = "<group>"; };
		124411F71836F33B00DA388F /* color.h */ = {isa = PBXFileReference; fileEncoding = 4; lastKnownFileType = sourcecode.c.h; path = color.h; sourceTree = "<group>"; };
		124411F81836F33B00DA388F /* debug.h */ = {isa = PBXFileReference; fileEncoding = 4; lastKnownFileType = sourcecode.c.h; path = debug.h; sourceTree = "<group>"; };
		124411F91836F33B00DA388F /* global.cpp */ = {isa = PBXFileReference; fileEncoding = 4; lastKnownFileType = sourcecode.cpp.cpp; path = global.cpp; sourceTree = "<group>"; };
		124411FA1836F33B00DA388F /* global.h */ = {isa = PBXFileReference; fileEncoding = 4; lastKnownFileType = sourcecode.c.h; path = global.h; sourceTree = "<group>"; };
		124411FB1836F33B00DA388F /* linked_list.cpp */ = {isa = PBXFileReference; fileEncoding = 4; lastKnownFileType = sourcecode.cpp.cpp; path = linked_list.cpp; sourceTree = "<group>"; };
		124411FC1836F33B00DA388F /* linked_list.h */ = {isa = PBXFileReference; fileEncoding = 4; lastKnownFileType = sourcecode.c.h; path = linked_list.h; sourceTree = "<group>"; };
		124412DE1836F80C00DA388F /* prize.cpp */ = {isa = PBXFileReference; fileEncoding = 4; lastKnownFileType = sourcecode.cpp.cpp; path = prize.cpp; sourceTree = "<group>"; };
		124412DF1836F80C00DA388F /* prize.h */ = {isa = PBXFileReference; fileEncoding = 4; lastKnownFileType = sourcecode.c.h; path = prize.h; sourceTree = "<group>"; };
		124412E01836F80C00DA388F /* texture_loader.cpp */ = {isa = PBXFileReference; fileEncoding = 4; lastKnownFileType = sourcecode.cpp.cpp; path = texture_loader.cpp; sourceTree = "<group>"; };
		124412E11836F80C00DA388F /* texture_loader.h */ = {isa = PBXFileReference; fileEncoding = 4; lastKnownFileType = sourcecode.c.h; path = texture_loader.h; sourceTree = "<group>"; };
		124412E21836F80C00DA388F /* ThunderBolt.cpp */ = {isa = PBXFileReference; fileEncoding = 4; lastKnownFileType = sourcecode.cpp.cpp; path = ThunderBolt.cpp; sourceTree = "<group>"; };
		124412E31836F80C00DA388F /* ThunderBolt.h */ = {isa = PBXFileReference; fileEncoding = 4; lastKnownFileType = sourcecode.c.h; path = ThunderBolt.h; sourceTree = "<group>"; };
		12F5E803182940D4009B4249 /* data.h */ = {isa = PBXFileReference; lastKnownFileType = sourcecode.c.h; path = data.h; sourceTree = "<group>"; };
/* End PBXFileReference section */

/* Begin PBXFrameworksBuildPhase section */
		0B774BF41821870500FC094A /* Frameworks */ = {
			isa = PBXFrameworksBuildPhase;
			buildActionMask = 2147483647;
			files = (
				0B774C2F1821878400FC094A /* OpenGL.framework in Frameworks */,
				0B774BFB1821870500FC094A /* Cocoa.framework in Frameworks */,
			);
			runOnlyForDeploymentPostprocessing = 0;
		};
		0B774C151821870500FC094A /* Frameworks */ = {
			isa = PBXFrameworksBuildPhase;
			buildActionMask = 2147483647;
			files = (
				0B774C1B1821870600FC094A /* Cocoa.framework in Frameworks */,
				0B774C1A1821870600FC094A /* XCTest.framework in Frameworks */,
			);
			runOnlyForDeploymentPostprocessing = 0;
		};
/* End PBXFrameworksBuildPhase section */

/* Begin PBXGroup section */
		0B774BEE1821870400FC094A = {
			isa = PBXGroup;
			children = (
				0B774C001821870500FC094A /* ThunderBolt */,
				0B774C1E1821870600FC094A /* ThunderBoltTests */,
				0B774BF91821870500FC094A /* Frameworks */,
				0B774BF81821870500FC094A /* Products */,
			);
			sourceTree = "<group>";
		};
		0B774BF81821870500FC094A /* Products */ = {
			isa = PBXGroup;
			children = (
				0B774BF71821870500FC094A /* ThunderBolt.app */,
				0B774C181821870500FC094A /* ThunderBoltTests.xctest */,
			);
			name = Products;
			sourceTree = "<group>";
		};
		0B774BF91821870500FC094A /* Frameworks */ = {
			isa = PBXGroup;
			children = (
				0B774C2E1821878400FC094A /* OpenGL.framework */,
				0B774BFA1821870500FC094A /* Cocoa.framework */,
				0B774C191821870500FC094A /* XCTest.framework */,
				0B774BFC1821870500FC094A /* Other Frameworks */,
			);
			name = Frameworks;
			sourceTree = "<group>";
		};
		0B774BFC1821870500FC094A /* Other Frameworks */ = {
			isa = PBXGroup;
			children = (
				0B774BFD1821870500FC094A /* AppKit.framework */,
				0B774BFE1821870500FC094A /* CoreData.framework */,
				0B774BFF1821870500FC094A /* Foundation.framework */,
			);
			name = "Other Frameworks";
			sourceTree = "<group>";
		};
		0B774C001821870500FC094A /* ThunderBolt */ = {
			isa = PBXGroup;
			children = (
				122F563C1840144A00BF847D /* boss.cpp */,
				122F563D1840144A00BF847D /* boss.h */,
				122F563E1840144A00BF847D /* enemy.cpp */,
				122F563F1840144A00BF847D /* enemy.h */,
				122F56401840144A00BF847D /* explosion.cpp */,
				122F56411840144A00BF847D /* explosion.h */,
				122F56421840144A00BF847D /* player.cpp */,
				122F56431840144A00BF847D /* player.h */,
				124412DE1836F80C00DA388F /* prize.cpp */,
				124412DF1836F80C00DA388F /* prize.h */,
				124412E01836F80C00DA388F /* texture_loader.cpp */,
				124412E11836F80C00DA388F /* texture_loader.h */,
				124412E21836F80C00DA388F /* ThunderBolt.cpp */,
				124412E31836F80C00DA388F /* ThunderBolt.h */,
				124411F61836F33B00DA388F /* color.cpp */,
				124411F71836F33B00DA388F /* color.h */,
				124411F81836F33B00DA388F /* debug.h */,
				124411F91836F33B00DA388F /* global.cpp */,
				124411FA1836F33B00DA388F /* global.h */,
				124411FB1836F33B00DA388F /* linked_list.cpp */,
				124411FC1836F33B00DA388F /* linked_list.h */,
				0BDD66A7182317D5005D635D /* vector.h */,
				0BDD66A5182317D5005D635D /* vector.cpp */,
				0BDD66A6182317D5005D635D /* missile.h */,
				0BDD66A8182317D5005D635D /* missile.cpp */,
				0BDD66A31823160A005D635D /* Plane.h */,
				12F5E803182940D4009B4249 /* data.h */,
				0BDD66A21823160A005D635D /* Plane.cpp */,
				0B774C0F1821870500FC094A /* MainMenu.xib */,
				0B774C121821870500FC094A /* Images.xcassets */,
				0B774C011821870500FC094A /* Supporting Files */,
			);
			path = ThunderBolt;
			sourceTree = "<group>";
		};
		0B774C011821870500FC094A /* Supporting Files */ = {
			isa = PBXGroup;
			children = (
				0B774C391821880A00FC094A /* fsmacosxwrappercpp.cpp */,
				0B774C3A1821880A00FC094A /* fsmacosxwrapperobjc.m */,
				0B774C3B1821880A00FC094A /* fssimplewindow.h */,
				0B774C30182187FB00FC094A /* ysglfontdata.c */,
				0B774C31182187FB00FC094A /* ysglfontdata.h */,
				0B774C32182187FB00FC094A /* yspng.cpp */,
				0B774C33182187FB00FC094A /* yspng.h */,
				0B774C34182187FB00FC094A /* yspngenc.cpp */,
				0B774C35182187FB00FC094A /* yspngenc.h */,
				0B774C021821870500FC094A /* ThunderBolt-Info.plist */,
				0B774C031821870500FC094A /* InfoPlist.strings */,
				0B774C081821870500FC094A /* ThunderBolt-Prefix.pch */,
				0B774C091821870500FC094A /* Credits.rtf */,
			);
			name = "Supporting Files";
			sourceTree = "<group>";
		};
		0B774C1E1821870600FC094A /* ThunderBoltTests */ = {
			isa = PBXGroup;
			children = (
				0B774C241821870600FC094A /* ThunderBoltTests.m */,
				0B774C1F1821870600FC094A /* Supporting Files */,
			);
			path = ThunderBoltTests;
			sourceTree = "<group>";
		};
		0B774C1F1821870600FC094A /* Supporting Files */ = {
			isa = PBXGroup;
			children = (
				0B774C201821870600FC094A /* ThunderBoltTests-Info.plist */,
				0B774C211821870600FC094A /* InfoPlist.strings */,
			);
			name = "Supporting Files";
			sourceTree = "<group>";
		};
/* End PBXGroup section */

/* Begin PBXNativeTarget section */
		0B774BF61821870500FC094A /* ThunderBolt */ = {
			isa = PBXNativeTarget;
			buildConfigurationList = 0B774C281821870600FC094A /* Build configuration list for PBXNativeTarget "ThunderBolt" */;
			buildPhases = (
				0B774BF31821870500FC094A /* Sources */,
				0B774BF41821870500FC094A /* Frameworks */,
				0B774BF51821870500FC094A /* Resources */,
			);
			buildRules = (
			);
			dependencies = (
			);
			name = ThunderBolt;
			productName = ThunderBolt;
			productReference = 0B774BF71821870500FC094A /* ThunderBolt.app */;
			productType = "com.apple.product-type.application";
		};
		0B774C171821870500FC094A /* ThunderBoltTests */ = {
			isa = PBXNativeTarget;
			buildConfigurationList = 0B774C2B1821870600FC094A /* Build configuration list for PBXNativeTarget "ThunderBoltTests" */;
			buildPhases = (
				0B774C141821870500FC094A /* Sources */,
				0B774C151821870500FC094A /* Frameworks */,
				0B774C161821870500FC094A /* Resources */,
			);
			buildRules = (
			);
			dependencies = (
				0B774C1D1821870600FC094A /* PBXTargetDependency */,
			);
			name = ThunderBoltTests;
			productName = ThunderBoltTests;
			productReference = 0B774C181821870500FC094A /* ThunderBoltTests.xctest */;
			productType = "com.apple.product-type.bundle.unit-test";
		};
/* End PBXNativeTarget section */

/* Begin PBXProject section */
		0B774BEF1821870400FC094A /* Project object */ = {
			isa = PBXProject;
			attributes = {
				LastUpgradeCheck = 0500;
				ORGANIZATIONNAME = CMU;
				TargetAttributes = {
					0B774C171821870500FC094A = {
						TestTargetID = 0B774BF61821870500FC094A;
					};
				};
			};
			buildConfigurationList = 0B774BF21821870400FC094A /* Build configuration list for PBXProject "ThunderBolt" */;
			compatibilityVersion = "Xcode 3.2";
			developmentRegion = English;
			hasScannedForEncodings = 0;
			knownRegions = (
				en,
				Base,
			);
			mainGroup = 0B774BEE1821870400FC094A;
			productRefGroup = 0B774BF81821870500FC094A /* Products */;
			projectDirPath = "";
			projectRoot = "";
			targets = (
				0B774BF61821870500FC094A /* ThunderBolt */,
				0B774C171821870500FC094A /* ThunderBoltTests */,
			);
		};
/* End PBXProject section */

/* Begin PBXResourcesBuildPhase section */
		0B774BF51821870500FC094A /* Resources */ = {
			isa = PBXResourcesBuildPhase;
			buildActionMask = 2147483647;
			files = (
				0B774C051821870500FC094A /* InfoPlist.strings in Resources */,
				0B774C131821870500FC094A /* Images.xcassets in Resources */,
				0B774C0B1821870500FC094A /* Credits.rtf in Resources */,
				0B774C111821870500FC094A /* MainMenu.xib in Resources */,
			);
			runOnlyForDeploymentPostprocessing = 0;
		};
		0B774C161821870500FC094A /* Resources */ = {
			isa = PBXResourcesBuildPhase;
			buildActionMask = 2147483647;
			files = (
				0B774C231821870600FC094A /* InfoPlist.strings in Resources */,
			);
			runOnlyForDeploymentPostprocessing = 0;
		};
/* End PBXResourcesBuildPhase section */

/* Begin PBXSourcesBuildPhase section */
		0B774BF31821870500FC094A /* Sources */ = {
			isa = PBXSourcesBuildPhase;
			buildActionMask = 2147483647;
			files = (
				124411FF1836F33B00DA388F /* color.cpp in Sources */,
				0B774C36182187FB00FC094A /* ysglfontdata.c in Sources */,
				122F56471840144A00BF847D /* player.cpp in Sources */,
				124412001836F33B00DA388F /* global.cpp in Sources */,
				0BDD66A41823160A005D635D /* Plane.cpp in Sources */,
				0BDD66AA182317D5005D635D /* missile.cpp in Sources */,
				0B774C38182187FB00FC094A /* yspngenc.cpp in Sources */,
				124412E51836F80C00DA388F /* texture_loader.cpp in Sources */,
				0B774C37182187FB00FC094A /* yspng.cpp in Sources */,
				122F56451840144A00BF847D /* enemy.cpp in Sources */,
				122F56441840144A00BF847D /* boss.cpp in Sources */,
				0B774C3D1821880A00FC094A /* fsmacosxwrapperobjc.m in Sources */,
				124412E61836F80C00DA388F /* ThunderBolt.cpp in Sources */,
				122F56461840144A00BF847D /* explosion.cpp in Sources */,
				124412E41836F80C00DA388F /* prize.cpp in Sources */,
				0B774C3C1821880A00FC094A /* fsmacosxwrappercpp.cpp in Sources */,
				0BDD66A9182317D5005D635D /* vector.cpp in Sources */,
				124412011836F33B00DA388F /* linked_list.cpp in Sources */,
			);
			runOnlyForDeploymentPostprocessing = 0;
		};
		0B774C141821870500FC094A /* Sources */ = {
			isa = PBXSourcesBuildPhase;
			buildActionMask = 2147483647;
			files = (
				0B774C251821870600FC094A /* ThunderBoltTests.m in Sources */,
			);
			runOnlyForDeploymentPostprocessing = 0;
		};
/* End PBXSourcesBuildPhase section */

/* Begin PBXTargetDependency section */
		0B774C1D1821870600FC094A /* PBXTargetDependency */ = {
			isa = PBXTargetDependency;
			target = 0B774BF61821870500FC094A /* ThunderBolt */;
			targetProxy = 0B774C1C1821870600FC094A /* PBXContainerItemProxy */;
		};
/* End PBXTargetDependency section */

/* Begin PBXVariantGroup section */
		0B774C031821870500FC094A /* InfoPlist.strings */ = {
			isa = PBXVariantGroup;
			children = (
				0B774C041821870500FC094A /* en */,
			);
			name = InfoPlist.strings;
			sourceTree = "<group>";
		};
		0B774C091821870500FC094A /* Credits.rtf */ = {
			isa = PBXVariantGroup;
			children = (
				0B774C0A1821870500FC094A /* en */,
			);
			name = Credits.rtf;
			sourceTree = "<group>";
		};
		0B774C0F1821870500FC094A /* MainMenu.xib */ = {
			isa = PBXVariantGroup;
			children = (
				0B774C101821870500FC094A /* Base */,
			);
			name = MainMenu.xib;
			sourceTree = "<group>";
		};
		0B774C211821870600FC094A /* InfoPlist.strings */ = {
			isa = PBXVariantGroup;
			children = (
				0B774C221821870600FC094A /* en */,
			);
			name = InfoPlist.strings;
			sourceTree = "<group>";
		};
/* End PBXVariantGroup section */

/* Begin XCBuildConfiguration section */
		0B774C261821870600FC094A /* Debug */ = {
			isa = XCBuildConfiguration;
			buildSettings = {
				ALWAYS_SEARCH_USER_PATHS = NO;
				CLANG_CXX_LANGUAGE_STANDARD = "gnu++0x";
				CLANG_CXX_LIBRARY = "libc++";
				CLANG_ENABLE_OBJC_ARC = YES;
				CLANG_WARN_BOOL_CONVERSION = YES;
				CLANG_WARN_CONSTANT_CONVERSION = YES;
				CLANG_WARN_DIRECT_OBJC_ISA_USAGE = YES_ERROR;
				CLANG_WARN_EMPTY_BODY = YES;
				CLANG_WARN_ENUM_CONVERSION = YES;
				CLANG_WARN_INT_CONVERSION = YES;
				CLANG_WARN_OBJC_ROOT_CLASS = YES_ERROR;
				CLANG_WARN__DUPLICATE_METHOD_MATCH = YES;
				COPY_PHASE_STRIP = NO;
				GCC_C_LANGUAGE_STANDARD = gnu99;
				GCC_DYNAMIC_NO_PIC = NO;
				GCC_ENABLE_OBJC_EXCEPTIONS = YES;
				GCC_OPTIMIZATION_LEVEL = 0;
				GCC_PREPROCESSOR_DEFINITIONS = (
					"DEBUG=1",
					"$(inherited)",
				);
				GCC_SYMBOLS_PRIVATE_EXTERN = NO;
				GCC_WARN_64_TO_32_BIT_CONVERSION = YES;
				GCC_WARN_ABOUT_RETURN_TYPE = YES_ERROR;
				GCC_WARN_UNDECLARED_SELECTOR = YES;
				GCC_WARN_UNINITIALIZED_AUTOS = YES;
				GCC_WARN_UNUSED_FUNCTION = YES;
				GCC_WARN_UNUSED_VARIABLE = YES;
				MACOSX_DEPLOYMENT_TARGET = 10.9;
				ONLY_ACTIVE_ARCH = YES;
				SDKROOT = macosx;
			};
			name = Debug;
		};
		0B774C271821870600FC094A /* Release */ = {
			isa = XCBuildConfiguration;
			buildSettings = {
				ALWAYS_SEARCH_USER_PATHS = NO;
				CLANG_CXX_LANGUAGE_STANDARD = "gnu++0x";
				CLANG_CXX_LIBRARY = "libc++";
				CLANG_ENABLE_OBJC_ARC = YES;
				CLANG_WARN_BOOL_CONVERSION = YES;
				CLANG_WARN_CONSTANT_CONVERSION = YES;
				CLANG_WARN_DIRECT_OBJC_ISA_USAGE = YES_ERROR;
				CLANG_WARN_EMPTY_BODY = YES;
				CLANG_WARN_ENUM_CONVERSION = YES;
				CLANG_WARN_INT_CONVERSION = YES;
				CLANG_WARN_OBJC_ROOT_CLASS = YES_ERROR;
				CLANG_WARN__DUPLICATE_METHOD_MATCH = YES;
				COPY_PHASE_STRIP = YES;
				DEBUG_INFORMATION_FORMAT = "dwarf-with-dsym";
				ENABLE_NS_ASSERTIONS = NO;
				GCC_C_LANGUAGE_STANDARD = gnu99;
				GCC_ENABLE_OBJC_EXCEPTIONS = YES;
				GCC_WARN_64_TO_32_BIT_CONVERSION = YES;
				GCC_WARN_ABOUT_RETURN_TYPE = YES_ERROR;
				GCC_WARN_UNDECLARED_SELECTOR = YES;
				GCC_WARN_UNINITIALIZED_AUTOS = YES;
				GCC_WARN_UNUSED_FUNCTION = YES;
				GCC_WARN_UNUSED_VARIABLE = YES;
				MACOSX_DEPLOYMENT_TARGET = 10.9;
				SDKROOT = macosx;
			};
			name = Release;
		};
		0B774C291821870600FC094A /* Debug */ = {
			isa = XCBuildConfiguration;
			buildSettings = {
				ASSETCATALOG_COMPILER_APPICON_NAME = AppIcon;
				COMBINE_HIDPI_IMAGES = YES;
				GCC_PRECOMPILE_PREFIX_HEADER = YES;
				GCC_PREFIX_HEADER = "ThunderBolt/ThunderBolt-Prefix.pch";
				INFOPLIST_FILE = "ThunderBolt/ThunderBolt-Info.plist";
				PRODUCT_NAME = "$(TARGET_NAME)";
				WRAPPER_EXTENSION = app;
			};
			name = Debug;
		};
		0B774C2A1821870600FC094A /* Release */ = {
			isa = XCBuildConfiguration;
			buildSettings = {
				ASSETCATALOG_COMPILER_APPICON_NAME = AppIcon;
				COMBINE_HIDPI_IMAGES = YES;
				GCC_PRECOMPILE_PREFIX_HEADER = YES;
				GCC_PREFIX_HEADER = "ThunderBolt/ThunderBolt-Prefix.pch";
				INFOPLIST_FILE = "ThunderBolt/ThunderBolt-Info.plist";
				PRODUCT_NAME = "$(TARGET_NAME)";
				WRAPPER_EXTENSION = app;
			};
			name = Release;
		};
		0B774C2C1821870600FC094A /* Debug */ = {
			isa = XCBuildConfiguration;
			buildSettings = {
				BUNDLE_LOADER = "$(BUILT_PRODUCTS_DIR)/ThunderBolt.app/Contents/MacOS/ThunderBolt";
				COMBINE_HIDPI_IMAGES = YES;
				FRAMEWORK_SEARCH_PATHS = (
					"$(DEVELOPER_FRAMEWORKS_DIR)",
					"$(inherited)",
				);
				GCC_PRECOMPILE_PREFIX_HEADER = YES;
				GCC_PREFIX_HEADER = "ThunderBolt/ThunderBolt-Prefix.pch";
				GCC_PREPROCESSOR_DEFINITIONS = (
					"DEBUG=1",
					"$(inherited)",
				);
				INFOPLIST_FILE = "ThunderBoltTests/ThunderBoltTests-Info.plist";
				PRODUCT_NAME = "$(TARGET_NAME)";
				TEST_HOST = "$(BUNDLE_LOADER)";
				WRAPPER_EXTENSION = xctest;
			};
			name = Debug;
		};
		0B774C2D1821870600FC094A /* Release */ = {
			isa = XCBuildConfiguration;
			buildSettings = {
				BUNDLE_LOADER = "$(BUILT_PRODUCTS_DIR)/ThunderBolt.app/Contents/MacOS/ThunderBolt";
				COMBINE_HIDPI_IMAGES = YES;
				FRAMEWORK_SEARCH_PATHS = (
					"$(DEVELOPER_FRAMEWORKS_DIR)",
					"$(inherited)",
				);
				GCC_PRECOMPILE_PREFIX_HEADER = YES;
				GCC_PREFIX_HEADER = "ThunderBolt/ThunderBolt-Prefix.pch";
				INFOPLIST_FILE = "ThunderBoltTests/ThunderBoltTests-Info.plist";
				PRODUCT_NAME = "$(TARGET_NAME)";
				TEST_HOST = "$(BUNDLE_LOADER)";
				WRAPPER_EXTENSION = xctest;
			};
			name = Release;
		};
/* End XCBuildConfiguration section */

/* Begin XCConfigurationList section */
		0B774BF21821870400FC094A /* Build configuration list for PBXProject "ThunderBolt" */ = {
			isa = XCConfigurationList;
			buildConfigurations = (
				0B774C261821870600FC094A /* Debug */,
				0B774C271821870600FC094A /* Release */,
			);
			defaultConfigurationIsVisible = 0;
			defaultConfigurationName = Release;
		};
		0B774C281821870600FC094A /* Build configuration list for PBXNativeTarget "ThunderBolt" */ = {
			isa = XCConfigurationList;
			buildConfigurations = (
				0B774C291821870600FC094A /* Debug */,
				0B774C2A1821870600FC094A /* Release */,
			);
			defaultConfigurationIsVisible = 0;
			defaultConfigurationName = Release;
		};
		0B774C2B1821870600FC094A /* Build configuration list for PBXNativeTarget "ThunderBoltTests" */ = {
			isa = XCConfigurationList;
			buildConfigurations = (
				0B774C2C1821870600FC094A /* Debug */,
				0B774C2D1821870600FC094A /* Release */,
			);
			defaultConfigurationIsVisible = 0;
			defaultConfigurationName = Release;
		};
/* End XCConfigurationList section */
	};
	rootObject = 0B774BEF1821870400FC094A /* Project object */;
}
